
Microsoft Visual Studio Solution File, Format Version 12.00
Project("{FAE04EC0-301F-11D3-BF4B-00C04F79EFBC}") = "BoolDownload", "BoolDownload\BoolDownload.csproj", "{451F36F9-673B-4ACB-8518-354E905B4DA7}"
EndProject
Project("{FAE04EC0-301F-11D3-BF4B-00C04F79EFBC}") = "BoolDownload.Android", "BoolDownload.Android\BoolDownload.Android.csproj", "{835BFEA5-F27B-4002-BC0E-E9A3C42CE615}"
EndProject
Project("{FAE04EC0-301F-11D3-BF4B-00C04F79EFBC}") = "BoolDownload.Desktop", "BoolDownload.Desktop\BoolDownload.Desktop.csproj", "{89FA890D-1DEA-4A3F-93FC-9A27A12A592B}"
EndProject
Project("{FAE04EC0-301F-11D3-BF4B-00C04F79EFBC}") = "BoolDownload.iOS", "BoolDownload.iOS\BoolDownload.iOS.csproj", "{9BAA2FC0-A7A2-43EE-B730-3E00215DB247}"
EndProject
Project("{FAE04EC0-301F-11D3-BF4B-00C04F79EFBC}") = "BoolDownload.Browser", "BoolDownload.Browser\BoolDownload.Browser.csproj", "{2C65E99C-2980-4FFA-9DA3-4313E9329D7E}"
EndProject
Global
	GlobalSection(SolutionConfigurationPlatforms) = preSolution
		Debug|Any CPU = Debug|Any CPU
		Release|Any CPU = Release|Any CPU
	EndGlobalSection
	GlobalSection(ProjectConfigurationPlatforms) = postSolution
		{451F36F9-673B-4ACB-8518-354E905B4DA7}.Debug|Any CPU.ActiveCfg = Debug|Any CPU
		{451F36F9-673B-4ACB-8518-354E905B4DA7}.Debug|Any CPU.Build.0 = Debug|Any CPU
		{451F36F9-673B-4ACB-8518-354E905B4DA7}.Release|Any CPU.ActiveCfg = Release|Any CPU
		{451F36F9-673B-4ACB-8518-354E905B4DA7}.Release|Any CPU.Build.0 = Release|Any CPU
		{451F36F9-673B-4ACB-8518-354E905B4DA7}.Debug|Any CPU.Deploy.0 = Debug|Any CPU
		{835BFEA5-F27B-4002-BC0E-E9A3C42CE615}.Debug|Any CPU.ActiveCfg = Debug|Any CPU
		{835BFEA5-F27B-4002-BC0E-E9A3C42CE615}.Release|Any CPU.ActiveCfg = Release|Any CPU
		{835BFEA5-F27B-4002-BC0E-E9A3C42CE615}.Release|Any CPU.Build.0 = Release|Any CPU
		{835BFEA5-F27B-4002-BC0E-E9A3C42CE615}.Release|Any CPU.Deploy.0 = Release|Any CPU
		{89FA890D-1DEA-4A3F-93FC-9A27A12A592B}.Debug|Any CPU.ActiveCfg = Debug|Any CPU
		{89FA890D-1DEA-4A3F-93FC-9A27A12A592B}.Debug|Any CPU.Build.0 = Debug|Any CPU
		{89FA890D-1DEA-4A3F-93FC-9A27A12A592B}.Release|Any CPU.ActiveCfg = Release|Any CPU
		{89FA890D-1DEA-4A3F-93FC-9A27A12A592B}.Release|Any CPU.Build.0 = Release|Any CPU
		{89FA890D-1DEA-4A3F-93FC-9A27A12A592B}.Debug|Any CPU.Deploy.0 = Debug|Any CPU
		{9BAA2FC0-A7A2-43EE-B730-3E00215DB247}.Debug|Any CPU.ActiveCfg = Debug|Any CPU
		{9BAA2FC0-A7A2-43EE-B730-3E00215DB247}.Release|Any CPU.ActiveCfg = Release|Any CPU
		{9BAA2FC0-A7A2-43EE-B730-3E00215DB247}.Release|Any CPU.Build.0 = Release|Any CPU
		{9BAA2FC0-A7A2-43EE-B730-3E00215DB247}.Release|Any CPU.Deploy.0 = Release|Any CPU
		{2C65E99C-2980-4FFA-9DA3-4313E9329D7E}.Debug|Any CPU.ActiveCfg = Debug|Any CPU
		{2C65E99C-2980-4FFA-9DA3-4313E9329D7E}.Release|Any CPU.ActiveCfg = Release|Any CPU
		{2C65E99C-2980-4FFA-9DA3-4313E9329D7E}.Release|Any CPU.Build.0 = Release|Any CPU
	EndGlobalSection
EndGlobal
